
Microsoft Visual Studio Solution File, Format Version 12.00
# Visual Studio Version 16
VisualStudioVersion = 16.0.29424.173
MinimumVisualStudioVersion = 10.0.40219.1
Project("{9A19103F-16F7-4668-BE54-9A1E7A4F7556}") = "Sudoku.Console", "Sudoku.Console\Sudoku.Console.csproj", "{C2472D1E-3DF0-4704-B9BE-F5FE76B0F1E7}"
EndProject
Project("{9A19103F-16F7-4668-BE54-9A1E7A4F7556}") = "SudoKu.Test", "SudoKu.Test\SudoKu.Test.csproj", "{2576FB8C-D928-409F-9494-A8ABAA50C254}"
EndProject
Project("{9A19103F-16F7-4668-BE54-9A1E7A4F7556}") = "Sudoku.Tools", "Sudoku.Tools\Sudoku.Tools.csproj", "{B46EA5F1-9EA8-4D55-A6D4-5B0C65BFA092}"
EndProject
Project("{9A19103F-16F7-4668-BE54-9A1E7A4F7556}") = "Sudoku.Core", "Sudoku.Core\Sudoku.Core.csproj", "{17B5BECD-2253-42D4-A968-8EE69C2F2BAC}"
EndProject
Project("{FAE04EC0-301F-11D3-BF4B-00C04F79EFBC}") = "Sudoku.UI", "Sudoku.UI\Sudoku.UI.csproj", "{3013ADFD-C350-4300-B8E7-D9A92812BD58}"
EndProject
Project("{FAE04EC0-301F-11D3-BF4B-00C04F79EFBC}") = "Sudoku.Control", "Sudoku.Control\Sudoku.Control.csproj", "{EBC78FC4-AC47-42AB-B004-0B2F00E98C24}"
EndProject
Project("{9A19103F-16F7-4668-BE54-9A1E7A4F7556}") = "Sudoku.AI.Core", "Sudoku.AI.Core\Sudoku.AI.Core.csproj", "{E0716351-C148-47DC-8531-2F9E9BB91430}"
EndProject
Project("{FAE04EC0-301F-11D3-BF4B-00C04F79EFBC}") = "Sudoku.AI.Test", "Sudoku.AI.Test\Sudoku.AI.Test.csproj", "{FA715E9F-1D50-4CA0-AE85-C8F5D762FB41}"
EndProject
Global
	GlobalSection(SolutionConfigurationPlatforms) = preSolution
		Debug|Any CPU = Debug|Any CPU
		Release|Any CPU = Release|Any CPU
	EndGlobalSection
	GlobalSection(ProjectConfigurationPlatforms) = postSolution
		{C2472D1E-3DF0-4704-B9BE-F5FE76B0F1E7}.Debug|Any CPU.ActiveCfg = Debug|Any CPU
		{C2472D1E-3DF0-4704-B9BE-F5FE76B0F1E7}.Debug|Any CPU.Build.0 = Debug|Any CPU
		{C2472D1E-3DF0-4704-B9BE-F5FE76B0F1E7}.Release|Any CPU.ActiveCfg = Release|Any CPU
		{C2472D1E-3DF0-4704-B9BE-F5FE76B0F1E7}.Release|Any CPU.Build.0 = Release|Any CPU
		{2576FB8C-D928-409F-9494-A8ABAA50C254}.Debug|Any CPU.ActiveCfg = Debug|Any CPU
		{2576FB8C-D928-409F-9494-A8ABAA50C254}.Debug|Any CPU.Build.0 = Debug|Any CPU
		{2576FB8C-D928-409F-9494-A8ABAA50C254}.Release|Any CPU.ActiveCfg = Release|Any CPU
		{2576FB8C-D928-409F-9494-A8ABAA50C254}.Release|Any CPU.Build.0 = Release|Any CPU
		{B46EA5F1-9EA8-4D55-A6D4-5B0C65BFA092}.Debug|Any CPU.ActiveCfg = Debug|Any CPU
		{B46EA5F1-9EA8-4D55-A6D4-5B0C65BFA092}.Debug|Any CPU.Build.0 = Debug|Any CPU
		{B46EA5F1-9EA8-4D55-A6D4-5B0C65BFA092}.Release|Any CPU.ActiveCfg = Release|Any CPU
		{B46EA5F1-9EA8-4D55-A6D4-5B0C65BFA092}.Release|Any CPU.Build.0 = Release|Any CPU
		{17B5BECD-2253-42D4-A968-8EE69C2F2BAC}.Debug|Any CPU.ActiveCfg = Debug|Any CPU
		{17B5BECD-2253-42D4-A968-8EE69C2F2BAC}.Debug|Any CPU.Build.0 = Debug|Any CPU
		{17B5BECD-2253-42D4-A968-8EE69C2F2BAC}.Release|Any CPU.ActiveCfg = Release|Any CPU
		{17B5BECD-2253-42D4-A968-8EE69C2F2BAC}.Release|Any CPU.Build.0 = Release|Any CPU
		{3013ADFD-C350-4300-B8E7-D9A92812BD58}.Debug|Any CPU.ActiveCfg = Debug|Any CPU
		{3013ADFD-C350-4300-B8E7-D9A92812BD58}.Debug|Any CPU.Build.0 = Debug|Any CPU
		{3013ADFD-C350-4300-B8E7-D9A92812BD58}.Release|Any CPU.ActiveCfg = Release|Any CPU
		{3013ADFD-C350-4300-B8E7-D9A92812BD58}.Release|Any CPU.Build.0 = Release|Any CPU
		{EBC78FC4-AC47-42AB-B004-0B2F00E98C24}.Debug|Any CPU.ActiveCfg = Debug|Any CPU
		{EBC78FC4-AC47-42AB-B004-0B2F00E98C24}.Debug|Any CPU.Build.0 = Debug|Any CPU
		{EBC78FC4-AC47-42AB-B004-0B2F00E98C24}.Release|Any CPU.ActiveCfg = Release|Any CPU
		{EBC78FC4-AC47-42AB-B004-0B2F00E98C24}.Release|Any CPU.Build.0 = Release|Any CPU
		{E0716351-C148-47DC-8531-2F9E9BB91430}.Debug|Any CPU.ActiveCfg = Debug|Any CPU
		{E0716351-C148-47DC-8531-2F9E9BB91430}.Debug|Any CPU.Build.0 = Debug|Any CPU
		{E0716351-C148-47DC-8531-2F9E9BB91430}.Release|Any CPU.ActiveCfg = Release|Any CPU
		{E0716351-C148-47DC-8531-2F9E9BB91430}.Release|Any CPU.Build.0 = Release|Any CPU
		{FA715E9F-1D50-4CA0-AE85-C8F5D762FB41}.Debug|Any CPU.ActiveCfg = Debug|Any CPU
		{FA715E9F-1D50-4CA0-AE85-C8F5D762FB41}.Debug|Any CPU.Build.0 = Debug|Any CPU
		{FA715E9F-1D50-4CA0-AE85-C8F5D762FB41}.Release|Any CPU.ActiveCfg = Release|Any CPU
		{FA715E9F-1D50-4CA0-AE85-C8F5D762FB41}.Release|Any CPU.Build.0 = Release|Any CPU
	EndGlobalSection
	GlobalSection(SolutionProperties) = preSolution
		HideSolutionNode = FALSE
	EndGlobalSection
	GlobalSection(ExtensibilityGlobals) = postSolution
		SolutionGuid = {4087F114-7F3D-4EE2-A955-8170DF419610}
	EndGlobalSection
EndGlobal
